
Microsoft Visual Studio Solution File, Format Version 12.00
# Visual Studio 15
VisualStudioVersion = 15.0.28307.106
MinimumVisualStudioVersion = 10.0.40219.1
Project("{FAE04EC0-301F-11D3-BF4B-00C04F79EFBC}") = "SECSInterface", "SECSInterface\SECSInterface.csproj", "{3C15FC8B-F9F5-4D02-AF5F-591D93B8F5FA}"
EndProject
Global
	GlobalSection(SolutionConfigurationPlatforms) = preSolution
		Debug|Any CPU = Debug|Any CPU
		Release|Any CPU = Release|Any CPU
	EndGlobalSection
	GlobalSection(ProjectConfigurationPlatforms) = postSolution
		{3C15FC8B-F9F5-4D02-AF5F-591D93B8F5FA}.Debug|Any CPU.ActiveCfg = Debug|Any CPU
		{3C15FC8B-F9F5-4D02-AF5F-591D93B8F5FA}.Debug|Any CPU.Build.0 = Debug|Any CPU
		{3C15FC8B-F9F5-4D02-AF5F-591D93B8F5FA}.Release|Any CPU.ActiveCfg = Release|Any CPU
		{3C15FC8B-F9F5-4D02-AF5F-591D93B8F5FA}.Release|Any CPU.Build.0 = Release|Any CPU
	EndGlobalSection
	GlobalSection(SolutionProperties) = preSolution
		HideSolutionNode = FALSE
	EndGlobalSection
	GlobalSection(ExtensibilityGlobals) = postSolution
		SolutionGuid = {CEB1AF43-7596-48DE-9663-452B3B762C2E}
	EndGlobalSection
EndGlobal
